# THIS IS AN AUTOGENERATED FILE. DO NOT EDIT THIS FILE DIRECTLY.
# yarn lockfile v1


almost-equal@^1.1.0:
  version "1.1.0"
  resolved "https://registry.yarnpkg.com/almost-equal/-/almost-equal-1.1.0.tgz#f851c631138757994276aa2efbe8dfa3066cccdd"
  integrity sha1-+FHGMROHV5lCdqou++jfowZszN0=

color-space@^1.16.0:
  version "1.16.0"
  resolved "https://registry.yarnpkg.com/color-space/-/color-space-1.16.0.tgz#611781bca41cd8582a1466fd9e28a7d3d89772a2"
  integrity sha512-A6WMiFzunQ8KEPFmj02OnnoUnqhmSaHaZ/0LVFcPTdlvm8+3aMJ5x1HRHy3bDHPkovkf4sS0f4wsVvwk71fKkg==
  dependencies:
    hsluv "^0.0.3"
    mumath "^3.3.4"

homey-zwavedriver@^2.1.0:
  version "2.1.0"
  resolved "https://registry.yarnpkg.com/homey-zwavedriver/-/homey-zwavedriver-2.1.0.tgz#40cdb32105e14b4a8c4ea0b7f30d35a4d06496cc"
  integrity sha512-hOfUWWO1Hq1fmtauok4hMd2gEE7KMJmt2S2pYTOwpTFvisuR4teeX3vfbFqTxw4fSSThoKitoM3lWqUSomQc8g==
  dependencies:
    color-space "^1.16.0"

hsluv@^0.0.3:
  version "0.0.3"
  resolved "https://registry.yarnpkg.com/hsluv/-/hsluv-0.0.3.tgz#829107dafb4a9f8b52a1809ed02e091eade6754c"
  integrity sha1-gpEH2vtKn4tSoYCe0C4JHq3mdUw=

mumath@^3.3.4:
  version "3.3.4"
  resolved "https://registry.yarnpkg.com/mumath/-/mumath-3.3.4.tgz#48d4a0f0fd8cad4e7b32096ee89b161a63d30bbf"
  integrity sha1-SNSg8P2MrU57Mglu6JsWGmPTC78=
  dependencies:
    almost-equal "^1.1.0"
